
Microsoft Visual Studio Solution File, Format Version 12.00
# Visual Studio Version 17
VisualStudioVersion = 17.11.35327.3
MinimumVisualStudioVersion = 10.0.40219.1
Project("{54A90642-561A-4BB1-A94E-469ADEE60C69}") = "webapp", "WebApp\webapp.esproj", "{FC3B0B59-79F6-4D30-A2A3-6788E8CB9D92}"
EndProject
Project("{9A19103F-16F7-4668-BE54-9A1E7A4F7556}") = "api", "api\api.csproj", "{2070F978-041C-4889-A3FC-7711B8A521EB}"
EndProject
Project("{FAE04EC0-301F-11D3-BF4B-00C04F79EFBC}") = "mobile", "mobile\mobile.csproj", "{8E0AD04E-FAAC-4CD6-AEBC-37AB859DE726}"
EndProject
Global
	GlobalSection(SolutionConfigurationPlatforms) = preSolution
		Debug|Any CPU = Debug|Any CPU
		Release|Any CPU = Release|Any CPU
	EndGlobalSection
	GlobalSection(ProjectConfigurationPlatforms) = postSolution
		{FC3B0B59-79F6-4D30-A2A3-6788E8CB9D92}.Debug|Any CPU.ActiveCfg = Debug|Any CPU
		{FC3B0B59-79F6-4D30-A2A3-6788E8CB9D92}.Debug|Any CPU.Build.0 = Debug|Any CPU
		{FC3B0B59-79F6-4D30-A2A3-6788E8CB9D92}.Debug|Any CPU.Deploy.0 = Debug|Any CPU
		{FC3B0B59-79F6-4D30-A2A3-6788E8CB9D92}.Release|Any CPU.ActiveCfg = Release|Any CPU
		{FC3B0B59-79F6-4D30-A2A3-6788E8CB9D92}.Release|Any CPU.Build.0 = Release|Any CPU
		{FC3B0B59-79F6-4D30-A2A3-6788E8CB9D92}.Release|Any CPU.Deploy.0 = Release|Any CPU
		{2070F978-041C-4889-A3FC-7711B8A521EB}.Debug|Any CPU.ActiveCfg = Debug|Any CPU
		{2070F978-041C-4889-A3FC-7711B8A521EB}.Debug|Any CPU.Build.0 = Debug|Any CPU
		{2070F978-041C-4889-A3FC-7711B8A521EB}.Release|Any CPU.ActiveCfg = Release|Any CPU
		{2070F978-041C-4889-A3FC-7711B8A521EB}.Release|Any CPU.Build.0 = Release|Any CPU
		{8E0AD04E-FAAC-4CD6-AEBC-37AB859DE726}.Debug|Any CPU.ActiveCfg = Debug|Any CPU
		{8E0AD04E-FAAC-4CD6-AEBC-37AB859DE726}.Debug|Any CPU.Build.0 = Debug|Any CPU
		{8E0AD04E-FAAC-4CD6-AEBC-37AB859DE726}.Debug|Any CPU.Deploy.0 = Debug|Any CPU
		{8E0AD04E-FAAC-4CD6-AEBC-37AB859DE726}.Release|Any CPU.ActiveCfg = Release|Any CPU
		{8E0AD04E-FAAC-4CD6-AEBC-37AB859DE726}.Release|Any CPU.Build.0 = Release|Any CPU
		{8E0AD04E-FAAC-4CD6-AEBC-37AB859DE726}.Release|Any CPU.Deploy.0 = Release|Any CPU
	EndGlobalSection
	GlobalSection(SolutionProperties) = preSolution
		HideSolutionNode = FALSE
	EndGlobalSection
	GlobalSection(ExtensibilityGlobals) = postSolution
		SolutionGuid = {779CB35F-2860-4E32-BD77-97EE84353CDA}
	EndGlobalSection
EndGlobal
